
Microsoft Visual Studio Solution File, Format Version 12.00
# Visual Studio 2012
Project("{FAE04EC0-301F-11D3-BF4B-00C04F79EFBC}") = "proje_aramamotoru", "proje_aramamotoru\proje_aramamotoru.csproj", "{8213CFA7-C305-4D15-A1DC-E6B9B292551C}"
EndProject
Global
	GlobalSection(SolutionConfigurationPlatforms) = preSolution
		Debug|Any CPU = Debug|Any CPU
		Release|Any CPU = Release|Any CPU
	EndGlobalSection
	GlobalSection(ProjectConfigurationPlatforms) = postSolution
		{8213CFA7-C305-4D15-A1DC-E6B9B292551C}.Debug|Any CPU.ActiveCfg = Debug|Any CPU
		{8213CFA7-C305-4D15-A1DC-E6B9B292551C}.Debug|Any CPU.Build.0 = Debug|Any CPU
		{8213CFA7-C305-4D15-A1DC-E6B9B292551C}.Release|Any CPU.ActiveCfg = Release|Any CPU
		{8213CFA7-C305-4D15-A1DC-E6B9B292551C}.Release|Any CPU.Build.0 = Release|Any CPU
	EndGlobalSection
	GlobalSection(SolutionProperties) = preSolution
		HideSolutionNode = FALSE
	EndGlobalSection
EndGlobal
